// !$*UTF8*$!
{
	archiveVersion = 1;
	classes = {
	};
	objectVersion = 50;
	objects = {

/* Begin PBXBuildFile section */
		342D8B7523CB6CF500372129 /* NowPlayingPreferencePane.strings in Resources */ = {isa = PBXBuildFile; fileRef = 342D8B6C23CB6CF500372129 /* NowPlayingPreferencePane.strings */; };
		342D8B7623CB6CF500372129 /* NowPlayingPreferencePane.swift in Sources */ = {isa = PBXBuildFile; fileRef = 342D8B6F23CB6CF500372129 /* NowPlayingPreferencePane.swift */; };
		342D8B7723CB6CF500372129 /* NowPlayingPreferencePane.xib in Resources */ = {isa = PBXBuildFile; fileRef = 342D8B7123CB6CF500372129 /* NowPlayingPreferencePane.xib */; };
		34A0227923C6632D00A24DA5 /* NowPlayingWidget.swift in Sources */ = {isa = PBXBuildFile; fileRef = 34A0227823C6632D00A24DA5 /* NowPlayingWidget.swift */; };
		34A0228423C66BE200A24DA5 /* NowPlayingItem.swift in Sources */ = {isa = PBXBuildFile; fileRef = 34A0228023C66BE100A24DA5 /* NowPlayingItem.swift */; };
		34A0228523C66BE200A24DA5 /* NowPlayingView.swift in Sources */ = {isa = PBXBuildFile; fileRef = 34A0228123C66BE100A24DA5 /* NowPlayingView.swift */; };
		34A0228623C66BE200A24DA5 /* NowPlayingItemView.swift in Sources */ = {isa = PBXBuildFile; fileRef = 34A0228223C66BE100A24DA5 /* NowPlayingItemView.swift */; };
		34A0228723C66BE200A24DA5 /* NowPlayingHelper.swift in Sources */ = {isa = PBXBuildFile; fileRef = 34A0228323C66BE100A24DA5 /* NowPlayingHelper.swift */; };
		34A0228B23C66D5300A24DA5 /* MediaRemote.framework in Frameworks */ = {isa = PBXBuildFile; fileRef = 34A0228A23C66D5300A24DA5 /* MediaRemote.framework */; };
		34A0228C23C66D5300A24DA5 /* MediaRemote.framework in Embed Frameworks */ = {isa = PBXBuildFile; fileRef = 34A0228A23C66D5300A24DA5 /* MediaRemote.framework */; settings = {ATTRIBUTES = (CodeSignOnCopy, RemoveHeadersOnCopy, ); }; };
		34A0228F23C66DF700A24DA5 /* NowPlayingWidgetStyle.swift in Sources */ = {isa = PBXBuildFile; fileRef = 34A0228E23C66DF700A24DA5 /* NowPlayingWidgetStyle.swift */; };
		34A0229123C66E1400A24DA5 /* Preferences.swift in Sources */ = {isa = PBXBuildFile; fileRef = 34A0229023C66E1400A24DA5 /* Preferences.swift */; };
		34E6A28925587F21002693EA /* Media.xcassets in Resources */ = {isa = PBXBuildFile; fileRef = 34E6A28825587F21002693EA /* Media.xcassets */; };
		A2E543CFD76BE40ECAB4AD9A /* Pods_NowPlaying.framework in Frameworks */ = {isa = PBXBuildFile; fileRef = 113A5ABF279D55E474CACCFE /* Pods_NowPlaying.framework */; };
/* End PBXBuildFile section */

/* Begin PBXCopyFilesBuildPhase section */
		34A0228D23C66D5300A24DA5 /* Embed Frameworks */ = {
			isa = PBXCopyFilesBuildPhase;
			buildActionMask = 2147483647;
			dstPath = "";
			dstSubfolderSpec = 10;
			files = (
				34A0228C23C66D5300A24DA5 /* MediaRemote.framework in Embed Frameworks */,
			);
			name = "Embed Frameworks";
			runOnlyForDeploymentPostprocessing = 0;
		};
/* End PBXCopyFilesBuildPhase section */

/* Begin PBXFileReference section */
		113A5ABF279D55E474CACCFE /* Pods_NowPlaying.framework */ = {isa = PBXFileReference; explicitFileType = wrapper.framework; includeInIndex = 0; path = Pods_NowPlaying.framework; sourceTree = BUILT_PRODUCTS_DIR; };
		342D8B6D23CB6CF500372129 /* zh-Hans */ = {isa = PBXFileReference; lastKnownFileType = text.plist.strings; name = "zh-Hans"; path = "zh-Hans.lproj/NowPlayingPreferencePane.strings"; sourceTree = "<group>"; };
		342D8B6E23CB6CF500372129 /* en */ = {isa = PBXFileReference; lastKnownFileType = text.plist.strings; name = en; path = en.lproj/NowPlayingPreferencePane.strings; sourceTree = "<group>"; };
		342D8B6F23CB6CF500372129 /* NowPlayingPreferencePane.swift */ = {isa = PBXFileReference; fileEncoding = 4; lastKnownFileType = sourcecode.swift; path = NowPlayingPreferencePane.swift; sourceTree = "<group>"; };
		342D8B7023CB6CF500372129 /* it */ = {isa = PBXFileReference; lastKnownFileType = text.plist.strings; name = it; path = it.lproj/NowPlayingPreferencePane.strings; sourceTree = "<group>"; };
		342D8B7223CB6CF500372129 /* Base */ = {isa = PBXFileReference; lastKnownFileType = file.xib; name = Base; path = Base.lproj/NowPlayingPreferencePane.xib; sourceTree = "<group>"; };
		342D8B7323CB6CF500372129 /* zh-Hant */ = {isa = PBXFileReference; lastKnownFileType = text.plist.strings; name = "zh-Hant"; path = "zh-Hant.lproj/NowPlayingPreferencePane.strings"; sourceTree = "<group>"; };
		342D8B7423CB6CF500372129 /* tr */ = {isa = PBXFileReference; lastKnownFileType = text.plist.strings; name = tr; path = tr.lproj/NowPlayingPreferencePane.strings; sourceTree = "<group>"; };
		34A0227423C6632D00A24DA5 /* NowPlaying.pock */ = {isa = PBXFileReference; explicitFileType = wrapper.cfbundle; includeInIndex = 0; path = NowPlaying.pock; sourceTree = BUILT_PRODUCTS_DIR; };
		34A0227823C6632D00A24DA5 /* NowPlayingWidget.swift */ = {isa = PBXFileReference; lastKnownFileType = sourcecode.swift; path = NowPlayingWidget.swift; sourceTree = "<group>"; };
		34A0227A23C6632D00A24DA5 /* Info.plist */ = {isa = PBXFileReference; lastKnownFileType = text.plist.xml; path = Info.plist; sourceTree = "<group>"; };
		34A0228023C66BE100A24DA5 /* NowPlayingItem.swift */ = {isa = PBXFileReference; fileEncoding = 4; lastKnownFileType = sourcecode.swift; path = NowPlayingItem.swift; sourceTree = "<group>"; };
		34A0228123C66BE100A24DA5 /* NowPlayingView.swift */ = {isa = PBXFileReference; fileEncoding = 4; lastKnownFileType = sourcecode.swift; path = NowPlayingView.swift; sourceTree = "<group>"; };
		34A0228223C66BE100A24DA5 /* NowPlayingItemView.swift */ = {isa = PBXFileReference; fileEncoding = 4; lastKnownFileType = sourcecode.swift; path = NowPlayingItemView.swift; sourceTree = "<group>"; };
		34A0228323C66BE100A24DA5 /* NowPlayingHelper.swift */ = {isa = PBXFileReference; fileEncoding = 4; lastKnownFileType = sourcecode.swift; path = NowPlayingHelper.swift; sourceTree = "<group>"; };
		34A0228823C66D1C00A24DA5 /* MRMediaRemote.h */ = {isa = PBXFileReference; lastKnownFileType = sourcecode.c.h; path = MRMediaRemote.h; sourceTree = "<group>"; };
		34A0228A23C66D5300A24DA5 /* MediaRemote.framework */ = {isa = PBXFileReference; lastKnownFileType = wrapper.framework; name = MediaRemote.framework; path = ../../../../../../../../../../../System/Library/PrivateFrameworks/MediaRemote.framework; sourceTree = "<group>"; };
		34A0228E23C66DF700A24DA5 /* NowPlayingWidgetStyle.swift */ = {isa = PBXFileReference; lastKnownFileType = sourcecode.swift; path = NowPlayingWidgetStyle.swift; sourceTree = "<group>"; };
		34A0229023C66E1400A24DA5 /* Preferences.swift */ = {isa = PBXFileReference; lastKnownFileType = sourcecode.swift; path = Preferences.swift; sourceTree = "<group>"; };
		34A0229323C66EED00A24DA5 /* Bridging-Header.h */ = {isa = PBXFileReference; lastKnownFileType = sourcecode.c.h; path = "Bridging-Header.h"; sourceTree = "<group>"; };
		34E393DE26178AA500E0B556 /* MRClient.h */ = {isa = PBXFileReference; lastKnownFileType = sourcecode.c.h; path = MRClient.h; sourceTree = "<group>"; };
		34E6A28825587F21002693EA /* Media.xcassets */ = {isa = PBXFileReference; lastKnownFileType = folder.assetcatalog; path = Media.xcassets; sourceTree = "<group>"; };
		5643518FD30F765E4E41E3A9 /* Pods-NowPlaying.debug.xcconfig */ = {isa = PBXFileReference; includeInIndex = 1; lastKnownFileType = text.xcconfig; name = "Pods-NowPlaying.debug.xcconfig"; path = "Target Support Files/Pods-NowPlaying/Pods-NowPlaying.debug.xcconfig"; sourceTree = "<group>"; };
		A5B829F26F673E6578A8B94C /* Pods-NowPlaying.release.xcconfig */ = {isa = PBXFileReference; includeInIndex = 1; lastKnownFileType = text.xcconfig; name = "Pods-NowPlaying.release.xcconfig"; path = "Target Support Files/Pods-NowPlaying/Pods-NowPlaying.release.xcconfig"; sourceTree = "<group>"; };
/* End PBXFileReference section */

/* Begin PBXFrameworksBuildPhase section */
		34A0227023C6632D00A24DA5 /* Frameworks */ = {
			isa = PBXFrameworksBuildPhase;
			buildActionMask = 2147483647;
			files = (
				A2E543CFD76BE40ECAB4AD9A /* Pods_NowPlaying.framework in Frameworks */,
				34A0228B23C66D5300A24DA5 /* MediaRemote.framework in Frameworks */,
			);
			runOnlyForDeploymentPostprocessing = 0;
		};
/* End PBXFrameworksBuildPhase section */

/* Begin PBXGroup section */
		342D8B6B23CB6CF500372129 /* NowPlayingPreferencePane */ = {
			isa = PBXGroup;
			children = (
				342D8B6C23CB6CF500372129 /* NowPlayingPreferencePane.strings */,
				342D8B6F23CB6CF500372129 /* NowPlayingPreferencePane.swift */,
				342D8B7123CB6CF500372129 /* NowPlayingPreferencePane.xib */,
			);
			path = NowPlayingPreferencePane;
			sourceTree = "<group>";
		};
		34A0226A23C6632D00A24DA5 = {
			isa = PBXGroup;
			children = (
				34A0227623C6632D00A24DA5 /* NowPlaying */,
				34A0227523C6632D00A24DA5 /* Products */,
				77893C9941666988ADC02FB6 /* Pods */,
				E1A23E96DB08B0B527F3A26C /* Frameworks */,
			);
			sourceTree = "<group>";
		};
		34A0227523C6632D00A24DA5 /* Products */ = {
			isa = PBXGroup;
			children = (
				34A0227423C6632D00A24DA5 /* NowPlaying.pock */,
			);
			name = Products;
			sourceTree = "<group>";
		};
		34A0227623C6632D00A24DA5 /* NowPlaying */ = {
			isa = PBXGroup;
			children = (
				34A0227A23C6632D00A24DA5 /* Info.plist */,
				34A0228923C66D2C00A24DA5 /* Private */,
				34A0227723C6632D00A24DA5 /* Sources */,
				34A0229223C66E1900A24DA5 /* Preferences */,
			);
			path = NowPlaying;
			sourceTree = "<group>";
		};
		34A0227723C6632D00A24DA5 /* Sources */ = {
			isa = PBXGroup;
			children = (
				34A0228323C66BE100A24DA5 /* NowPlayingHelper.swift */,
				34A0228023C66BE100A24DA5 /* NowPlayingItem.swift */,
				34A0228223C66BE100A24DA5 /* NowPlayingItemView.swift */,
				34A0228123C66BE100A24DA5 /* NowPlayingView.swift */,
				34A0227823C6632D00A24DA5 /* NowPlayingWidget.swift */,
				34A0228E23C66DF700A24DA5 /* NowPlayingWidgetStyle.swift */,
			);
			path = Sources;
			sourceTree = "<group>";
		};
		34A0228923C66D2C00A24DA5 /* Private */ = {
			isa = PBXGroup;
			children = (
				34A0228823C66D1C00A24DA5 /* MRMediaRemote.h */,
				34E393DE26178AA500E0B556 /* MRClient.h */,
				34A0229323C66EED00A24DA5 /* Bridging-Header.h */,
			);
			path = Private;
			sourceTree = "<group>";
		};
		34A0229223C66E1900A24DA5 /* Preferences */ = {
			isa = PBXGroup;
			children = (
				34E6A28825587F21002693EA /* Media.xcassets */,
				34A0229023C66E1400A24DA5 /* Preferences.swift */,
				342D8B6B23CB6CF500372129 /* NowPlayingPreferencePane */,
			);
			path = Preferences;
			sourceTree = "<group>";
		};
		77893C9941666988ADC02FB6 /* Pods */ = {
			isa = PBXGroup;
			children = (
				5643518FD30F765E4E41E3A9 /* Pods-NowPlaying.debug.xcconfig */,
				A5B829F26F673E6578A8B94C /* Pods-NowPlaying.release.xcconfig */,
			);
			path = Pods;
			sourceTree = "<group>";
		};
		E1A23E96DB08B0B527F3A26C /* Frameworks */ = {
			isa = PBXGroup;
			children = (
				34A0228A23C66D5300A24DA5 /* MediaRemote.framework */,
				113A5ABF279D55E474CACCFE /* Pods_NowPlaying.framework */,
			);
			name = Frameworks;
			sourceTree = "<group>";
		};
/* End PBXGroup section */

/* Begin PBXNativeTarget section */
		34A0227323C6632D00A24DA5 /* NowPlaying */ = {
			isa = PBXNativeTarget;
			buildConfigurationList = 34A0227D23C6632D00A24DA5 /* Build configuration list for PBXNativeTarget "NowPlaying" */;
			buildPhases = (
				A1186C9A45A3AECF73E0B766 /* [CP] Check Pods Manifest.lock */,
				34A0226F23C6632D00A24DA5 /* Sources */,
				34A0227023C6632D00A24DA5 /* Frameworks */,
				34A0227123C6632D00A24DA5 /* Resources */,
				34A0228D23C66D5300A24DA5 /* Embed Frameworks */,
				34A0227223C6632D00A24DA5 /* Copy widget to destination folder */,
			);
			buildRules = (
			);
			dependencies = (
			);
			name = NowPlaying;
			productName = NowPlaying;
			productReference = 34A0227423C6632D00A24DA5 /* NowPlaying.pock */;
			productType = "com.apple.product-type.bundle";
		};
/* End PBXNativeTarget section */

/* Begin PBXProject section */
		34A0226B23C6632D00A24DA5 /* Project object */ = {
			isa = PBXProject;
			attributes = {
				LastSwiftUpdateCheck = 1100;
				LastUpgradeCheck = 1250;
				ORGANIZATIONNAME = "Pierluigi Galdi";
				TargetAttributes = {
					34A0227323C6632D00A24DA5 = {
						CreatedOnToolsVersion = 11.0;
					};
				};
			};
			buildConfigurationList = 34A0226E23C6632D00A24DA5 /* Build configuration list for PBXProject "NowPlaying" */;
			compatibilityVersion = "Xcode 9.3";
			developmentRegion = en;
			hasScannedForEncodings = 0;
			knownRegions = (
				en,
				Base,
				tr,
				it,
				"zh-Hant",
				"zh-Hans",
			);
			mainGroup = 34A0226A23C6632D00A24DA5;
			productRefGroup = 34A0227523C6632D00A24DA5 /* Products */;
			projectDirPath = "";
			projectRoot = "";
			targets = (
				34A0227323C6632D00A24DA5 /* NowPlaying */,
			);
		};
/* End PBXProject section */

/* Begin PBXResourcesBuildPhase section */
		34A0227123C6632D00A24DA5 /* Resources */ = {
			isa = PBXResourcesBuildPhase;
			buildActionMask = 2147483647;
			files = (
				342D8B7723CB6CF500372129 /* NowPlayingPreferencePane.xib in Resources */,
				34E6A28925587F21002693EA /* Media.xcassets in Resources */,
				342D8B7523CB6CF500372129 /* NowPlayingPreferencePane.strings in Resources */,
			);
			runOnlyForDeploymentPostprocessing = 0;
		};
/* End PBXResourcesBuildPhase section */

/* Begin PBXShellScriptBuildPhase section */
		34A0227223C6632D00A24DA5 /* Copy widget to destination folder */ = {
			isa = PBXShellScriptBuildPhase;
			buildActionMask = 2147483647;
			files = (
			);
			inputFileListPaths = (
			);
			inputPaths = (
			);
			name = "Copy widget to destination folder";
			outputFileListPaths = (
			);
			outputPaths = (
			);
			runOnlyForDeploymentPostprocessing = 0;
			shellPath = /bin/sh;
			shellScript = "# Copy widget to destination folder.\nif [ \"${CONFIGURATION}\" == \"Debug\" ]; then\n  echo \"Copying ${PRODUCT_NAME}.pock to destination folder\"\n  cp -r $TARGET_BUILD_DIR/$PRODUCT_NAME.pock ~/Library/Application\\ Support/Pock/Widgets/\nfi\n";
		};
		A1186C9A45A3AECF73E0B766 /* [CP] Check Pods Manifest.lock */ = {
			isa = PBXShellScriptBuildPhase;
			buildActionMask = 2147483647;
			files = (
			);
			inputFileListPaths = (
			);
			inputPaths = (
				"${PODS_PODFILE_DIR_PATH}/Podfile.lock",
				"${PODS_ROOT}/Manifest.lock",
			);
			name = "[CP] Check Pods Manifest.lock";
			outputFileListPaths = (
			);
			outputPaths = (
				"$(DERIVED_FILE_DIR)/Pods-NowPlaying-checkManifestLockResult.txt",
			);
			runOnlyForDeploymentPostprocessing = 0;
			shellPath = /bin/sh;
			shellScript = "diff \"${PODS_PODFILE_DIR_PATH}/Podfile.lock\" \"${PODS_ROOT}/Manifest.lock\" > /dev/null\nif [ $? != 0 ] ; then\n    # print error to STDERR\n    echo \"error: The sandbox is not in sync with the Podfile.lock. Run 'pod install' or update your CocoaPods installation.\" >&2\n    exit 1\nfi\n# This output is used by Xcode 'outputs' to avoid re-running this script phase.\necho \"SUCCESS\" > \"${SCRIPT_OUTPUT_FILE_0}\"\n";
			showEnvVarsInLog = 0;
		};
/* End PBXShellScriptBuildPhase section */

/* Begin PBXSourcesBuildPhase section */
		34A0226F23C6632D00A24DA5 /* Sources */ = {
			isa = PBXSourcesBuildPhase;
			buildActionMask = 2147483647;
			files = (
				34A0228523C66BE200A24DA5 /* NowPlayingView.swift in Sources */,
				34A0229123C66E1400A24DA5 /* Preferences.swift in Sources */,
				34A0228623C66BE200A24DA5 /* NowPlayingItemView.swift in Sources */,
				34A0228423C66BE200A24DA5 /* NowPlayingItem.swift in Sources */,
				342D8B7623CB6CF500372129 /* NowPlayingPreferencePane.swift in Sources */,
				34A0228F23C66DF700A24DA5 /* NowPlayingWidgetStyle.swift in Sources */,
				34A0228723C66BE200A24DA5 /* NowPlayingHelper.swift in Sources */,
				34A0227923C6632D00A24DA5 /* NowPlayingWidget.swift in Sources */,
			);
			runOnlyForDeploymentPostprocessing = 0;
		};
/* End PBXSourcesBuildPhase section */

/* Begin PBXVariantGroup section */
		342D8B6C23CB6CF500372129 /* NowPlayingPreferencePane.strings */ = {
			isa = PBXVariantGroup;
			children = (
				342D8B6D23CB6CF500372129 /* zh-Hans */,
				342D8B6E23CB6CF500372129 /* en */,
				342D8B7023CB6CF500372129 /* it */,
				342D8B7323CB6CF500372129 /* zh-Hant */,
				342D8B7423CB6CF500372129 /* tr */,
			);
			name = NowPlayingPreferencePane.strings;
			sourceTree = "<group>";
		};
		342D8B7123CB6CF500372129 /* NowPlayingPreferencePane.xib */ = {
			isa = PBXVariantGroup;
			children = (
				342D8B7223CB6CF500372129 /* Base */,
			);
			name = NowPlayingPreferencePane.xib;
			sourceTree = "<group>";
		};
/* End PBXVariantGroup section */

/* Begin XCBuildConfiguration section */
		34A0227B23C6632D00A24DA5 /* Debug */ = {
			isa = XCBuildConfiguration;
			buildSettings = {
				ALWAYS_SEARCH_USER_PATHS = NO;
				CLANG_ANALYZER_LOCALIZABILITY_NONLOCALIZED = YES;
				CLANG_ANALYZER_NONNULL = YES;
				CLANG_ANALYZER_NUMBER_OBJECT_CONVERSION = YES_AGGRESSIVE;
				CLANG_CXX_LANGUAGE_STANDARD = "gnu++14";
				CLANG_CXX_LIBRARY = "libc++";
				CLANG_ENABLE_MODULES = YES;
				CLANG_ENABLE_OBJC_ARC = YES;
				CLANG_ENABLE_OBJC_WEAK = YES;
				CLANG_WARN_BLOCK_CAPTURE_AUTORELEASING = YES;
				CLANG_WARN_BOOL_CONVERSION = YES;
				CLANG_WARN_COMMA = YES;
				CLANG_WARN_CONSTANT_CONVERSION = YES;
				CLANG_WARN_DEPRECATED_OBJC_IMPLEMENTATIONS = YES;
				CLANG_WARN_DIRECT_OBJC_ISA_USAGE = YES_ERROR;
				CLANG_WARN_DOCUMENTATION_COMMENTS = YES;
				CLANG_WARN_EMPTY_BODY = YES;
				CLANG_WARN_ENUM_CONVERSION = YES;
				CLANG_WARN_INFINITE_RECURSION = YES;
				CLANG_WARN_INT_CONVERSION = YES;
				CLANG_WARN_NON_LITERAL_NULL_CONVERSION = YES;
				CLANG_WARN_OBJC_IMPLICIT_RETAIN_SELF = YES;
				CLANG_WARN_OBJC_LITERAL_CONVERSION = YES;
				CLANG_WARN_OBJC_ROOT_CLASS = YES_ERROR;
				CLANG_WARN_QUOTED_INCLUDE_IN_FRAMEWORK_HEADER = YES;
				CLANG_WARN_RANGE_LOOP_ANALYSIS = YES;
				CLANG_WARN_STRICT_PROTOTYPES = YES;
				CLANG_WARN_SUSPICIOUS_MOVE = YES;
				CLANG_WARN_UNGUARDED_AVAILABILITY = YES_AGGRESSIVE;
				CLANG_WARN_UNREACHABLE_CODE = YES;
				CLANG_WARN__DUPLICATE_METHOD_MATCH = YES;
				COPY_PHASE_STRIP = NO;
				DEBUG_INFORMATION_FORMAT = dwarf;
				ENABLE_STRICT_OBJC_MSGSEND = YES;
				ENABLE_TESTABILITY = YES;
				GCC_C_LANGUAGE_STANDARD = gnu11;
				GCC_DYNAMIC_NO_PIC = NO;
				GCC_NO_COMMON_BLOCKS = YES;
				GCC_OPTIMIZATION_LEVEL = 0;
				GCC_PREPROCESSOR_DEFINITIONS = (
					"DEBUG=1",
					"$(inherited)",
				);
				GCC_WARN_64_TO_32_BIT_CONVERSION = YES;
				GCC_WARN_ABOUT_RETURN_TYPE = YES_ERROR;
				GCC_WARN_UNDECLARED_SELECTOR = YES;
				GCC_WARN_UNINITIALIZED_AUTOS = YES_AGGRESSIVE;
				GCC_WARN_UNUSED_FUNCTION = YES;
				GCC_WARN_UNUSED_VARIABLE = YES;
				MACOSX_DEPLOYMENT_TARGET = 10.13;
				MTL_ENABLE_DEBUG_INFO = INCLUDE_SOURCE;
				MTL_FAST_MATH = YES;
				ONLY_ACTIVE_ARCH = YES;
				SDKROOT = macosx;
				SKIP_INSTALL = YES;
			};
			name = Debug;
		};
		34A0227C23C6632D00A24DA5 /* Release */ = {
			isa = XCBuildConfiguration;
			buildSettings = {
				ALWAYS_SEARCH_USER_PATHS = NO;
				CLANG_ANALYZER_LOCALIZABILITY_NONLOCALIZED = YES;
				CLANG_ANALYZER_NONNULL = YES;
				CLANG_ANALYZER_NUMBER_OBJECT_CONVERSION = YES_AGGRESSIVE;
				CLANG_CXX_LANGUAGE_STANDARD = "gnu++14";
				CLANG_CXX_LIBRARY = "libc++";
				CLANG_ENABLE_MODULES = YES;
				CLANG_ENABLE_OBJC_ARC = YES;
				CLANG_ENABLE_OBJC_WEAK = YES;
				CLANG_WARN_BLOCK_CAPTURE_AUTORELEASING = YES;
				CLANG_WARN_BOOL_CONVERSION = YES;
				CLANG_WARN_COMMA = YES;
				CLANG_WARN_CONSTANT_CONVERSION = YES;
				CLANG_WARN_DEPRECATED_OBJC_IMPLEMENTATIONS = YES;
				CLANG_WARN_DIRECT_OBJC_ISA_USAGE = YES_ERROR;
				CLANG_WARN_DOCUMENTATION_COMMENTS = YES;
				CLANG_WARN_EMPTY_BODY = YES;
				CLANG_WARN_ENUM_CONVERSION = YES;
				CLANG_WARN_INFINITE_RECURSION = YES;
				CLANG_WARN_INT_CONVERSION = YES;
				CLANG_WARN_NON_LITERAL_NULL_CONVERSION = YES;
				CLANG_WARN_OBJC_IMPLICIT_RETAIN_SELF = YES;
				CLANG_WARN_OBJC_LITERAL_CONVERSION = YES;
				CLANG_WARN_OBJC_ROOT_CLASS = YES_ERROR;
				CLANG_WARN_QUOTED_INCLUDE_IN_FRAMEWORK_HEADER = YES;
				CLANG_WARN_RANGE_LOOP_ANALYSIS = YES;
				CLANG_WARN_STRICT_PROTOTYPES = YES;
				CLANG_WARN_SUSPICIOUS_MOVE = YES;
				CLANG_WARN_UNGUARDED_AVAILABILITY = YES_AGGRESSIVE;
				CLANG_WARN_UNREACHABLE_CODE = YES;
				CLANG_WARN__DUPLICATE_METHOD_MATCH = YES;
				COPY_PHASE_STRIP = NO;
				DEBUG_INFORMATION_FORMAT = "dwarf-with-dsym";
				ENABLE_NS_ASSERTIONS = NO;
				ENABLE_STRICT_OBJC_MSGSEND = YES;
				GCC_C_LANGUAGE_STANDARD = gnu11;
				GCC_NO_COMMON_BLOCKS = YES;
				GCC_WARN_64_TO_32_BIT_CONVERSION = YES;
				GCC_WARN_ABOUT_RETURN_TYPE = YES_ERROR;
				GCC_WARN_UNDECLARED_SELECTOR = YES;
				GCC_WARN_UNINITIALIZED_AUTOS = YES_AGGRESSIVE;
				GCC_WARN_UNUSED_FUNCTION = YES;
				GCC_WARN_UNUSED_VARIABLE = YES;
				MACOSX_DEPLOYMENT_TARGET = 10.13;
				MTL_ENABLE_DEBUG_INFO = NO;
				MTL_FAST_MATH = YES;
				SDKROOT = macosx;
				SKIP_INSTALL = YES;
				SWIFT_COMPILATION_MODE = wholemodule;
			};
			name = Release;
		};
		34A0227E23C6632D00A24DA5 /* Debug */ = {
			isa = XCBuildConfiguration;
			baseConfigurationReference = 5643518FD30F765E4E41E3A9 /* Pods-NowPlaying.debug.xcconfig */;
			buildSettings = {
				ALWAYS_EMBED_SWIFT_STANDARD_LIBRARIES = YES;
				CODE_SIGN_IDENTITY = "Developer ID Application";
				CODE_SIGN_STYLE = Manual;
				COMBINE_HIDPI_IMAGES = YES;
				DEVELOPMENT_TEAM = 788D9WZ9Z3;
				ENABLE_HARDENED_RUNTIME = YES;
				INFOPLIST_FILE = NowPlaying/Info.plist;
				INSTALL_PATH = "$(LOCAL_LIBRARY_DIR)/Application\\ Support/Pock/Widgets";
				MARKETING_VERSION = 1.1;
				PRODUCT_BUNDLE_IDENTIFIER = com.pigigaldi.pock.NowPlaying;
				PRODUCT_NAME = "$(TARGET_NAME)";
				PROVISIONING_PROFILE_SPECIFIER = "";
				SKIP_INSTALL = NO;
				SWIFT_OBJC_BRIDGING_HEADER = "NowPlaying/Private/Bridging-Header.h";
				SWIFT_VERSION = 5.0;
				SYSTEM_FRAMEWORK_SEARCH_PATHS = (
					"$(inherited)",
					"$(SYSTEM_LIBRARY_DIR)/PrivateFrameworks",
				);
				WRAPPER_EXTENSION = pock;
			};
			name = Debug;
		};
		34A0227F23C6632D00A24DA5 /* Release */ = {
			isa = XCBuildConfiguration;
			baseConfigurationReference = A5B829F26F673E6578A8B94C /* Pods-NowPlaying.release.xcconfig */;
			buildSettings = {
				ALWAYS_EMBED_SWIFT_STANDARD_LIBRARIES = YES;
				CODE_SIGN_IDENTITY = "Developer ID Application";
				CODE_SIGN_STYLE = Manual;
				COMBINE_HIDPI_IMAGES = YES;
				DEVELOPMENT_TEAM = 788D9WZ9Z3;
				ENABLE_HARDENED_RUNTIME = YES;
				INFOPLIST_FILE = NowPlaying/Info.plist;
				INSTALL_PATH = "$(LOCAL_LIBRARY_DIR)/Application\\ Support/Pock/Widgets";
				MARKETING_VERSION = 1.1;
				PRODUCT_BUNDLE_IDENTIFIER = com.pigigaldi.pock.NowPlaying;
				PRODUCT_NAME = "$(TARGET_NAME)";
				PROVISIONING_PROFILE_SPECIFIER = "";
				SKIP_INSTALL = NO;
				SWIFT_OBJC_BRIDGING_HEADER = "NowPlaying/Private/Bridging-Header.h";
				SWIFT_VERSION = 5.0;
				SYSTEM_FRAMEWORK_SEARCH_PATHS = (
					"$(inherited)",
					"$(SYSTEM_LIBRARY_DIR)/PrivateFrameworks",
				);
				WRAPPER_EXTENSION = pock;
			};
			name = Release;
		};
/* End XCBuildConfiguration section */

/* Begin XCConfigurationList section */
		34A0226E23C6632D00A24DA5 /* Build configuration list for PBXProject "NowPlaying" */ = {
			isa = XCConfigurationList;
			buildConfigurations = (
				34A0227B23C6632D00A24DA5 /* Debug */,
				34A0227C23C6632D00A24DA5 /* Release */,
			);
			defaultConfigurationIsVisible = 0;
			defaultConfigurationName = Release;
		};
		34A0227D23C6632D00A24DA5 /* Build configuration list for PBXNativeTarget "NowPlaying" */ = {
			isa = XCConfigurationList;
			buildConfigurations = (
				34A0227E23C6632D00A24DA5 /* Debug */,
				34A0227F23C6632D00A24DA5 /* Release */,
			);
			defaultConfigurationIsVisible = 0;
			defaultConfigurationName = Release;
		};
/* End XCConfigurationList section */
	};
	rootObject = 34A0226B23C6632D00A24DA5 /* Project object */;
}
